
Microsoft Visual Studio Solution File, Format Version 12.00
# Visual Studio Version 17
VisualStudioVersion = 17.9.34728.123
MinimumVisualStudioVersion = 10.0.40219.1
Project("{2150E333-8FDC-42A3-9474-1A3956D46DE8}") = "src", "src", "{CB99746B-9AFE-4BAD-B42F-7DF58B4310AB}"
EndProject
Project("{2150E333-8FDC-42A3-9474-1A3956D46DE8}") = "test", "test", "{EAF6A2D3-E33D-46C5-9E92-EB617C9C1512}"
EndProject
Project("{2150E333-8FDC-42A3-9474-1A3956D46DE8}") = "APIs", "APIs", "{0B1F5337-34D9-41F1-B9EE-1D13EB880EC6}"
EndProject
Project("{2150E333-8FDC-42A3-9474-1A3956D46DE8}") = "Core", "Core", "{49040075-BE40-44C3-A118-E2604F4387B8}"
EndProject
Project("{2150E333-8FDC-42A3-9474-1A3956D46DE8}") = "Infrastructure", "Infrastructure", "{AB6AFDCD-4E2E-4BAA-B1A4-FD053AD9C7D3}"
EndProject
Project("{2150E333-8FDC-42A3-9474-1A3956D46DE8}") = "UI", "UI", "{212EE00C-B42B-4E21-BA9A-E2F0A2566AE9}"
EndProject
Project("{2150E333-8FDC-42A3-9474-1A3956D46DE8}") = "Client", "Client", "{82E6A07F-6521-42C5-96AF-566BBF66D92D}"
EndProject
Project("{2150E333-8FDC-42A3-9474-1A3956D46DE8}") = "CMS", "CMS", "{E1A86E20-EA5D-4C9B-A026-89107C095567}"
EndProject
Project("{9A19103F-16F7-4668-BE54-9A1E7A4F7556}") = "TravelAgency.Core.Application", "TravelAgency.Core.Application\TravelAgency.Core.Application.csproj", "{E11D057A-5C52-403D-8190-9C7792C1E2FB}"
EndProject
Project("{9A19103F-16F7-4668-BE54-9A1E7A4F7556}") = "TravelAgency.Core.Domain", "TravelAgency.Core.Domain\TravelAgency.Core.Domain.csproj", "{2E09DC90-466E-44B5-8807-92B77D518473}"
EndProject
Project("{9A19103F-16F7-4668-BE54-9A1E7A4F7556}") = "TravelAgency.Infrastructure.Persistence", "TravelAgency.Infrastructure.Persistence\TravelAgency.Infrastructure.Persistence.csproj", "{2BECB7A1-78F1-49BA-ADF2-086B19E1EE4B}"
EndProject
Project("{9A19103F-16F7-4668-BE54-9A1E7A4F7556}") = "TravelAgency.Infrastructure.ThirdParty", "TravelAgency.Infrastructure.ThirdParty\TravelAgency.Infrastructure.ThirdParty.csproj", "{94A26093-182B-40AA-AD36-BB64B7738629}"
EndProject
Project("{9A19103F-16F7-4668-BE54-9A1E7A4F7556}") = "TravelAgency.APIs", "TravelAgency.APIs\TravelAgency.APIs.csproj", "{1CDCE828-35A1-476A-95E9-140C57A5B32C}"
EndProject
Project("{FAE04EC0-301F-11D3-BF4B-00C04F79EFBC}") = "TravelAgency.NotificationHandling", "TravelAgency.NotificationHandling\TravelAgency.NotificationHandling.csproj", "{46CF2A37-23E7-421B-9983-1CE52AC00D33}"
EndProject
Project("{FAE04EC0-301F-11D3-BF4B-00C04F79EFBC}") = "TravelAgency.Dashboard", "TravelAgency.Dashboard\TravelAgency.Dashboard.csproj", "{D9B3F9FE-64F2-48A1-9138-080A7272A1F9}"
EndProject
Global
	GlobalSection(SolutionConfigurationPlatforms) = preSolution
		Debug|Any CPU = Debug|Any CPU
		Release|Any CPU = Release|Any CPU
	EndGlobalSection
	GlobalSection(ProjectConfigurationPlatforms) = postSolution
		{E11D057A-5C52-403D-8190-9C7792C1E2FB}.Debug|Any CPU.ActiveCfg = Debug|Any CPU
		{E11D057A-5C52-403D-8190-9C7792C1E2FB}.Debug|Any CPU.Build.0 = Debug|Any CPU
		{E11D057A-5C52-403D-8190-9C7792C1E2FB}.Release|Any CPU.ActiveCfg = Release|Any CPU
		{E11D057A-5C52-403D-8190-9C7792C1E2FB}.Release|Any CPU.Build.0 = Release|Any CPU
		{2E09DC90-466E-44B5-8807-92B77D518473}.Debug|Any CPU.ActiveCfg = Debug|Any CPU
		{2E09DC90-466E-44B5-8807-92B77D518473}.Debug|Any CPU.Build.0 = Debug|Any CPU
		{2E09DC90-466E-44B5-8807-92B77D518473}.Release|Any CPU.ActiveCfg = Release|Any CPU
		{2E09DC90-466E-44B5-8807-92B77D518473}.Release|Any CPU.Build.0 = Release|Any CPU
		{2BECB7A1-78F1-49BA-ADF2-086B19E1EE4B}.Debug|Any CPU.ActiveCfg = Debug|Any CPU
		{2BECB7A1-78F1-49BA-ADF2-086B19E1EE4B}.Debug|Any CPU.Build.0 = Debug|Any CPU
		{2BECB7A1-78F1-49BA-ADF2-086B19E1EE4B}.Release|Any CPU.ActiveCfg = Release|Any CPU
		{2BECB7A1-78F1-49BA-ADF2-086B19E1EE4B}.Release|Any CPU.Build.0 = Release|Any CPU
		{94A26093-182B-40AA-AD36-BB64B7738629}.Debug|Any CPU.ActiveCfg = Debug|Any CPU
		{94A26093-182B-40AA-AD36-BB64B7738629}.Debug|Any CPU.Build.0 = Debug|Any CPU
		{94A26093-182B-40AA-AD36-BB64B7738629}.Release|Any CPU.ActiveCfg = Release|Any CPU
		{94A26093-182B-40AA-AD36-BB64B7738629}.Release|Any CPU.Build.0 = Release|Any CPU
		{1CDCE828-35A1-476A-95E9-140C57A5B32C}.Debug|Any CPU.ActiveCfg = Debug|Any CPU
		{1CDCE828-35A1-476A-95E9-140C57A5B32C}.Debug|Any CPU.Build.0 = Debug|Any CPU
		{1CDCE828-35A1-476A-95E9-140C57A5B32C}.Release|Any CPU.ActiveCfg = Release|Any CPU
		{1CDCE828-35A1-476A-95E9-140C57A5B32C}.Release|Any CPU.Build.0 = Release|Any CPU
		{46CF2A37-23E7-421B-9983-1CE52AC00D33}.Debug|Any CPU.ActiveCfg = Debug|Any CPU
		{46CF2A37-23E7-421B-9983-1CE52AC00D33}.Debug|Any CPU.Build.0 = Debug|Any CPU
		{46CF2A37-23E7-421B-9983-1CE52AC00D33}.Release|Any CPU.ActiveCfg = Release|Any CPU
		{46CF2A37-23E7-421B-9983-1CE52AC00D33}.Release|Any CPU.Build.0 = Release|Any CPU
		{D9B3F9FE-64F2-48A1-9138-080A7272A1F9}.Debug|Any CPU.ActiveCfg = Debug|Any CPU
		{D9B3F9FE-64F2-48A1-9138-080A7272A1F9}.Debug|Any CPU.Build.0 = Debug|Any CPU
		{D9B3F9FE-64F2-48A1-9138-080A7272A1F9}.Release|Any CPU.ActiveCfg = Release|Any CPU
		{D9B3F9FE-64F2-48A1-9138-080A7272A1F9}.Release|Any CPU.Build.0 = Release|Any CPU
	EndGlobalSection
	GlobalSection(SolutionProperties) = preSolution
		HideSolutionNode = FALSE
	EndGlobalSection
	GlobalSection(NestedProjects) = preSolution
		{0B1F5337-34D9-41F1-B9EE-1D13EB880EC6} = {CB99746B-9AFE-4BAD-B42F-7DF58B4310AB}
		{49040075-BE40-44C3-A118-E2604F4387B8} = {CB99746B-9AFE-4BAD-B42F-7DF58B4310AB}
		{AB6AFDCD-4E2E-4BAA-B1A4-FD053AD9C7D3} = {CB99746B-9AFE-4BAD-B42F-7DF58B4310AB}
		{212EE00C-B42B-4E21-BA9A-E2F0A2566AE9} = {CB99746B-9AFE-4BAD-B42F-7DF58B4310AB}
		{82E6A07F-6521-42C5-96AF-566BBF66D92D} = {212EE00C-B42B-4E21-BA9A-E2F0A2566AE9}
		{E1A86E20-EA5D-4C9B-A026-89107C095567} = {212EE00C-B42B-4E21-BA9A-E2F0A2566AE9}
		{E11D057A-5C52-403D-8190-9C7792C1E2FB} = {49040075-BE40-44C3-A118-E2604F4387B8}
		{2E09DC90-466E-44B5-8807-92B77D518473} = {49040075-BE40-44C3-A118-E2604F4387B8}
		{2BECB7A1-78F1-49BA-ADF2-086B19E1EE4B} = {AB6AFDCD-4E2E-4BAA-B1A4-FD053AD9C7D3}
		{94A26093-182B-40AA-AD36-BB64B7738629} = {AB6AFDCD-4E2E-4BAA-B1A4-FD053AD9C7D3}
		{1CDCE828-35A1-476A-95E9-140C57A5B32C} = {0B1F5337-34D9-41F1-B9EE-1D13EB880EC6}
		{46CF2A37-23E7-421B-9983-1CE52AC00D33} = {49040075-BE40-44C3-A118-E2604F4387B8}
		{D9B3F9FE-64F2-48A1-9138-080A7272A1F9} = {E1A86E20-EA5D-4C9B-A026-89107C095567}
	EndGlobalSection
	GlobalSection(ExtensibilityGlobals) = postSolution
		SolutionGuid = {928ECC7C-2D24-457A-9391-F080BAC0FA0E}
	EndGlobalSection
EndGlobal
